{"version":4,"terraform_version":"1.9.1","serial":3,"lineage":"6cec7de1-fb4e-3ce0-9308-efed283a87fc","outputs":{},"resources":[{"mode":"data","type":"scalr_environment","name":"test","provider":"provider[\"registry.scalr.io/scalr/scalr\"]","instances":[{"schema_version":0,"attributes":{"account_id":"acc-svrcncgh453bi8g","cost_estimation_enabled":false,"created_by":[{"email":"tf-admin@scalr.com","full_name":"Tf account admin","username":"tf-admin@scalr.com"}],"default_provider_configurations":[],"id":"env-svrdqa8d7mhaimo","name":"tfenv2","policy_groups":["pgrp-svsu1tn68mhevuo","pgrp-svsu2dqfvtk5qfg","pgrp-svsu2pkubpob58o"],"remote_backend":true,"status":"Active","tag_ids":[]},"sensitive_attributes":[]}]},{"mode":"data","type":"scalr_vcs_provider","name":"example","provider":"provider[\"registry.scalr.io/scalr/scalr\"]","instances":[{"schema_version":0,"attributes":{"account_id":"acc-svrcncgh453bi8g","agent_pool_id":null,"draft_pr_runs_enabled":true,"environment_id":null,"environments":[],"id":"vcs-v0oo793t19t407690","name":"sts","url":"https://github.com","vcs_type":"github"},"sensitive_attributes":[]}]},{"mode":"managed","type":"scalr_workspace","name":"me","provider":"provider[\"registry.scalr.io/scalr/scalr\"]","instances":[{"schema_version":4,"attributes":{"agent_pool_id":"","auto_apply":false,"auto_queue_runs":"skip_first","created_by":[{"email":"tf-admin@scalr.com","full_name":"Tf account admin","username":"tf-admin@scalr.com"}],"deletion_protection_enabled":true,"environment_id":"env-svrdqa8d7mhaimo","execution_mode":"remote","force_latest_run":false,"has_resources":false,"hooks":[],"iac_platform":"opentofu","id":"ws-v0osuihu0v5fuctaa","module_version_id":"","name":"test","operations":true,"provider_configuration":[],"run_operation_timeout":null,"ssh_key_id":null,"tag_ids":[],"terraform_version":"1.9.0","terragrunt_use_run_all":false,"terragrunt_version":"","type":"unmapped","var_files":[],"vcs_provider_id":"vcs-v0oo793t19t407690","vcs_repo":[{"branch":"main","dry_runs_enabled":true,"identifier":"soltysss/tests","ingress_submodules":false,"path":"","trigger_patterns":"","trigger_prefixes":["tf-revizor-fixtures/local_wait"]}],"working_directory":"tf-revizor-fixtures/local_wait"},"sensitive_attributes":[],"private":"eyJzY2hlbWFfdmVyc2lvbiI6IjQifQ==","dependencies":["data.scalr_environment.test","data.scalr_vcs_provider.example"]}]}],"check_results":null}
